
Microsoft Visual Studio Solution File, Format Version 12.00
# Visual Studio Version 17
VisualStudioVersion = 17.0.31808.319
MinimumVisualStudioVersion = 10.0.40219.1
Project("{9A19103F-16F7-4668-BE54-9A1E7A4F7556}") = "em", "em.csproj", "{FF83A39C-E50A-42BC-A599-6AF2EA4677D8}"
EndProject
Global
	GlobalSection(SolutionConfigurationPlatforms) = preSolution
		Debug|Any CPU = Debug|Any CPU
		Release|Any CPU = Release|Any CPU
	EndGlobalSection
	GlobalSection(ProjectConfigurationPlatforms) = postSolution
		{FF83A39C-E50A-42BC-A599-6AF2EA4677D8}.Debug|Any CPU.ActiveCfg = Debug|Any CPU
		{FF83A39C-E50A-42BC-A599-6AF2EA4677D8}.Debug|Any CPU.Build.0 = Debug|Any CPU
		{FF83A39C-E50A-42BC-A599-6AF2EA4677D8}.Release|Any CPU.ActiveCfg = Release|Any CPU
		{FF83A39C-E50A-42BC-A599-6AF2EA4677D8}.Release|Any CPU.Build.0 = Release|Any CPU
	EndGlobalSection
	GlobalSection(SolutionProperties) = preSolution
		HideSolutionNode = FALSE
	EndGlobalSection
	GlobalSection(ExtensibilityGlobals) = postSolution
		SolutionGuid = {1AF40DBB-E1B8-4F6E-B9BF-1FD5ECB35BE0}
	EndGlobalSection
EndGlobal
